
Microsoft Visual Studio Solution File, Format Version 12.00
# Visual Studio Version 16
VisualStudioVersion = 16.0.31025.194
MinimumVisualStudioVersion = 10.0.40219.1
Project("{FAE04EC0-301F-11D3-BF4B-00C04F79EFBC}") = "Portfolio.ContactForm", "Portfolio.ContactForm\Portfolio.ContactForm.csproj", "{D75DA31F-107D-4D05-B02C-9D3C720528BC}"
EndProject
Project("{FAE04EC0-301F-11D3-BF4B-00C04F79EFBC}") = "Portfolio.ContactForm.UnitTests", "Portfolio.ContactForm.UnitTests\Portfolio.ContactForm.UnitTests.csproj", "{7759BDD9-28B2-40C1-B5B9-4A68145E41B2}"
EndProject
Global
	GlobalSection(SolutionConfigurationPlatforms) = preSolution
		Debug|Any CPU = Debug|Any CPU
		Release|Any CPU = Release|Any CPU
	EndGlobalSection
	GlobalSection(ProjectConfigurationPlatforms) = postSolution
		{D75DA31F-107D-4D05-B02C-9D3C720528BC}.Debug|Any CPU.ActiveCfg = Debug|Any CPU
		{D75DA31F-107D-4D05-B02C-9D3C720528BC}.Debug|Any CPU.Build.0 = Debug|Any CPU
		{D75DA31F-107D-4D05-B02C-9D3C720528BC}.Release|Any CPU.ActiveCfg = Release|Any CPU
		{D75DA31F-107D-4D05-B02C-9D3C720528BC}.Release|Any CPU.Build.0 = Release|Any CPU
		{7759BDD9-28B2-40C1-B5B9-4A68145E41B2}.Debug|Any CPU.ActiveCfg = Debug|Any CPU
		{7759BDD9-28B2-40C1-B5B9-4A68145E41B2}.Debug|Any CPU.Build.0 = Debug|Any CPU
		{7759BDD9-28B2-40C1-B5B9-4A68145E41B2}.Release|Any CPU.ActiveCfg = Release|Any CPU
		{7759BDD9-28B2-40C1-B5B9-4A68145E41B2}.Release|Any CPU.Build.0 = Release|Any CPU
	EndGlobalSection
	GlobalSection(SolutionProperties) = preSolution
		HideSolutionNode = FALSE
	EndGlobalSection
	GlobalSection(ExtensibilityGlobals) = postSolution
		SolutionGuid = {A6D8D5F6-9655-47AF-A32D-9D656FF6AFBE}
	EndGlobalSection
EndGlobal
